
Microsoft Visual Studio Solution File, Format Version 12.00
# Visual Studio 15
VisualStudioVersion = 15.0.28307.572
MinimumVisualStudioVersion = 10.0.40219.1
Project("{FAE04EC0-301F-11D3-BF4B-00C04F79EFBC}") = "ListadoProductos", "ListadoProductos\ListadoProductos.csproj", "{DB2EA051-A305-42C3-927A-CAE2CEF58246}"
EndProject
Global
	GlobalSection(SolutionConfigurationPlatforms) = preSolution
		Debug|Any CPU = Debug|Any CPU
		Release|Any CPU = Release|Any CPU
	EndGlobalSection
	GlobalSection(ProjectConfigurationPlatforms) = postSolution
		{DB2EA051-A305-42C3-927A-CAE2CEF58246}.Debug|Any CPU.ActiveCfg = Debug|Any CPU
		{DB2EA051-A305-42C3-927A-CAE2CEF58246}.Debug|Any CPU.Build.0 = Debug|Any CPU
		{DB2EA051-A305-42C3-927A-CAE2CEF58246}.Release|Any CPU.ActiveCfg = Release|Any CPU
		{DB2EA051-A305-42C3-927A-CAE2CEF58246}.Release|Any CPU.Build.0 = Release|Any CPU
	EndGlobalSection
	GlobalSection(SolutionProperties) = preSolution
		HideSolutionNode = FALSE
	EndGlobalSection
	GlobalSection(ExtensibilityGlobals) = postSolution
		SolutionGuid = {2FAE4F97-52D6-43FA-8AB5-D203437EAB91}
	EndGlobalSection
EndGlobal
